
Microsoft Visual Studio Solution File, Format Version 12.00
# Visual Studio Version 17
VisualStudioVersion = 17.1.32414.318
MinimumVisualStudioVersion = 10.0.40219.1
Project("{FAE04EC0-301F-11D3-BF4B-00C04F79EFBC}") = "AnalyzerTests", "AnalyzerTests\AnalyzerTests.csproj", "{93EB2BCA-B652-4EEC-9CFF-E3A3C0DF9A0C}"
EndProject
Global
	GlobalSection(SolutionConfigurationPlatforms) = preSolution
		Debug|Any CPU = Debug|Any CPU
		Release|Any CPU = Release|Any CPU
	EndGlobalSection
	GlobalSection(ProjectConfigurationPlatforms) = postSolution
		{93EB2BCA-B652-4EEC-9CFF-E3A3C0DF9A0C}.Debug|Any CPU.ActiveCfg = Debug|Any CPU
		{93EB2BCA-B652-4EEC-9CFF-E3A3C0DF9A0C}.Debug|Any CPU.Build.0 = Debug|Any CPU
		{93EB2BCA-B652-4EEC-9CFF-E3A3C0DF9A0C}.Release|Any CPU.ActiveCfg = Release|Any CPU
		{93EB2BCA-B652-4EEC-9CFF-E3A3C0DF9A0C}.Release|Any CPU.Build.0 = Release|Any CPU
	EndGlobalSection
	GlobalSection(SolutionProperties) = preSolution
		HideSolutionNode = FALSE
	EndGlobalSection
	GlobalSection(ExtensibilityGlobals) = postSolution
		SolutionGuid = {355C35C3-74DF-4C8A-B550-65DE19C7C577}
	EndGlobalSection
EndGlobal
